// !$*UTF8*$!
{
	archiveVersion = 1;
	classes = {
	};
	objectVersion = 55;
	objects = {

/* Begin PBXBuildFile section */
		ED4F37B827355D1600B47391 /* AppDelegate.swift in Sources */ = {isa = PBXBuildFile; fileRef = ED4F37B727355D1600B47391 /* AppDelegate.swift */; };
		ED4F37BA27355D1600B47391 /* SceneDelegate.swift in Sources */ = {isa = PBXBuildFile; fileRef = ED4F37B927355D1600B47391 /* SceneDelegate.swift */; };
		ED4F37BC27355D1600B47391 /* ViewController.swift in Sources */ = {isa = PBXBuildFile; fileRef = ED4F37BB27355D1600B47391 /* ViewController.swift */; };
		ED4F37C127355D1700B47391 /* Assets.xcassets in Resources */ = {isa = PBXBuildFile; fileRef = ED4F37C027355D1700B47391 /* Assets.xcassets */; };
		ED4F37C427355D1700B47391 /* LaunchScreen.storyboard in Resources */ = {isa = PBXBuildFile; fileRef = ED4F37C227355D1700B47391 /* LaunchScreen.storyboard */; };
		ED4F37CD2735608E00B47391 /* ShelfTransitionManager.swift in Sources */ = {isa = PBXBuildFile; fileRef = ED4F37CC2735608E00B47391 /* ShelfTransitionManager.swift */; };
		ED4F37CF273560F300B47391 /* ContentViewController.swift in Sources */ = {isa = PBXBuildFile; fileRef = ED4F37CE273560F300B47391 /* ContentViewController.swift */; };
		ED4F37D12735BC2600B47391 /* DialogTransitionManager.swift in Sources */ = {isa = PBXBuildFile; fileRef = ED4F37D02735BC2600B47391 /* DialogTransitionManager.swift */; };
		ED8F4199273AF44C0080C26F /* VisualEffectsViewController.swift in Sources */ = {isa = PBXBuildFile; fileRef = ED8F4198273AF44C0080C26F /* VisualEffectsViewController.swift */; };
		ED8F419B273B06BC0080C26F /* MotionEffectsViewController.swift in Sources */ = {isa = PBXBuildFile; fileRef = ED8F419A273B06BC0080C26F /* MotionEffectsViewController.swift */; };
/* End PBXBuildFile section */

/* Begin PBXFileReference section */
		ED4F37B427355D1600B47391 /* CustomPresentationController.app */ = {isa = PBXFileReference; explicitFileType = wrapper.application; includeInIndex = 0; path = CustomPresentationController.app; sourceTree = BUILT_PRODUCTS_DIR; };
		ED4F37B727355D1600B47391 /* AppDelegate.swift */ = {isa = PBXFileReference; lastKnownFileType = sourcecode.swift; path = AppDelegate.swift; sourceTree = "<group>"; };
		ED4F37B927355D1600B47391 /* SceneDelegate.swift */ = {isa = PBXFileReference; lastKnownFileType = sourcecode.swift; path = SceneDelegate.swift; sourceTree = "<group>"; };
		ED4F37BB27355D1600B47391 /* ViewController.swift */ = {isa = PBXFileReference; lastKnownFileType = sourcecode.swift; path = ViewController.swift; sourceTree = "<group>"; };
		ED4F37C027355D1700B47391 /* Assets.xcassets */ = {isa = PBXFileReference; lastKnownFileType = folder.assetcatalog; path = Assets.xcassets; sourceTree = "<group>"; };
		ED4F37C327355D1700B47391 /* Base */ = {isa = PBXFileReference; lastKnownFileType = file.storyboard; name = Base; path = Base.lproj/LaunchScreen.storyboard; sourceTree = "<group>"; };
		ED4F37C527355D1700B47391 /* Info.plist */ = {isa = PBXFileReference; lastKnownFileType = text.plist.xml; path = Info.plist; sourceTree = "<group>"; };
		ED4F37CB27355D2C00B47391 /* README.md */ = {isa = PBXFileReference; lastKnownFileType = net.daringfireball.markdown; path = README.md; sourceTree = "<group>"; };
		ED4F37CC2735608E00B47391 /* ShelfTransitionManager.swift */ = {isa = PBXFileReference; lastKnownFileType = sourcecode.swift; path = ShelfTransitionManager.swift; sourceTree = "<group>"; };
		ED4F37CE273560F300B47391 /* ContentViewController.swift */ = {isa = PBXFileReference; lastKnownFileType = sourcecode.swift; path = ContentViewController.swift; sourceTree = "<group>"; };
		ED4F37D02735BC2600B47391 /* DialogTransitionManager.swift */ = {isa = PBXFileReference; lastKnownFileType = sourcecode.swift; path = DialogTransitionManager.swift; sourceTree = "<group>"; };
		ED8F4198273AF44C0080C26F /* VisualEffectsViewController.swift */ = {isa = PBXFileReference; lastKnownFileType = sourcecode.swift; path = VisualEffectsViewController.swift; sourceTree = "<group>"; };
		ED8F419A273B06BC0080C26F /* MotionEffectsViewController.swift */ = {isa = PBXFileReference; lastKnownFileType = sourcecode.swift; path = MotionEffectsViewController.swift; sourceTree = "<group>"; };
/* End PBXFileReference section */

/* Begin PBXFrameworksBuildPhase section */
		ED4F37B127355D1600B47391 /* Frameworks */ = {
			isa = PBXFrameworksBuildPhase;
			buildActionMask = 2147483647;
			files = (
			);
			runOnlyForDeploymentPostprocessing = 0;
		};
/* End PBXFrameworksBuildPhase section */

/* Begin PBXGroup section */
		ED4F37AB27355D1600B47391 = {
			isa = PBXGroup;
			children = (
				ED4F37CB27355D2C00B47391 /* README.md */,
				ED4F37B627355D1600B47391 /* CustomPresentationController */,
				ED4F37B527355D1600B47391 /* Products */,
			);
			sourceTree = "<group>";
		};
		ED4F37B527355D1600B47391 /* Products */ = {
			isa = PBXGroup;
			children = (
				ED4F37B427355D1600B47391 /* CustomPresentationController.app */,
			);
			name = Products;
			sourceTree = "<group>";
		};
		ED4F37B627355D1600B47391 /* CustomPresentationController */ = {
			isa = PBXGroup;
			children = (
				ED4F37B727355D1600B47391 /* AppDelegate.swift */,
				ED4F37B927355D1600B47391 /* SceneDelegate.swift */,
				ED4F37BB27355D1600B47391 /* ViewController.swift */,
				ED8F4198273AF44C0080C26F /* VisualEffectsViewController.swift */,
				ED8F419A273B06BC0080C26F /* MotionEffectsViewController.swift */,
				ED4F37CE273560F300B47391 /* ContentViewController.swift */,
				ED4F37CC2735608E00B47391 /* ShelfTransitionManager.swift */,
				ED4F37D02735BC2600B47391 /* DialogTransitionManager.swift */,
				ED4F37C027355D1700B47391 /* Assets.xcassets */,
				ED4F37C227355D1700B47391 /* LaunchScreen.storyboard */,
				ED4F37C527355D1700B47391 /* Info.plist */,
			);
			path = CustomPresentationController;
			sourceTree = "<group>";
		};
/* End PBXGroup section */

/* Begin PBXNativeTarget section */
		ED4F37B327355D1600B47391 /* CustomPresentationController */ = {
			isa = PBXNativeTarget;
			buildConfigurationList = ED4F37C827355D1700B47391 /* Build configuration list for PBXNativeTarget "CustomPresentationController" */;
			buildPhases = (
				ED4F37B027355D1600B47391 /* Sources */,
				ED4F37B127355D1600B47391 /* Frameworks */,
				ED4F37B227355D1600B47391 /* Resources */,
			);
			buildRules = (
			);
			dependencies = (
			);
			name = CustomPresentationController;
			productName = CustomPresentationController;
			productReference = ED4F37B427355D1600B47391 /* CustomPresentationController.app */;
			productType = "com.apple.product-type.application";
		};
/* End PBXNativeTarget section */

/* Begin PBXProject section */
		ED4F37AC27355D1600B47391 /* Project object */ = {
			isa = PBXProject;
			attributes = {
				BuildIndependentTargetsInParallel = 1;
				LastSwiftUpdateCheck = 1310;
				LastUpgradeCheck = 1310;
				TargetAttributes = {
					ED4F37B327355D1600B47391 = {
						CreatedOnToolsVersion = 13.1;
					};
				};
			};
			buildConfigurationList = ED4F37AF27355D1600B47391 /* Build configuration list for PBXProject "CustomPresentationController" */;
			compatibilityVersion = "Xcode 13.0";
			developmentRegion = en;
			hasScannedForEncodings = 0;
			knownRegions = (
				en,
				Base,
			);
			mainGroup = ED4F37AB27355D1600B47391;
			productRefGroup = ED4F37B527355D1600B47391 /* Products */;
			projectDirPath = "";
			projectRoot = "";
			targets = (
				ED4F37B327355D1600B47391 /* CustomPresentationController */,
			);
		};
/* End PBXProject section */

/* Begin PBXResourcesBuildPhase section */
		ED4F37B227355D1600B47391 /* Resources */ = {
			isa = PBXResourcesBuildPhase;
			buildActionMask = 2147483647;
			files = (
				ED4F37C427355D1700B47391 /* LaunchScreen.storyboard in Resources */,
				ED4F37C127355D1700B47391 /* Assets.xcassets in Resources */,
			);
			runOnlyForDeploymentPostprocessing = 0;
		};
/* End PBXResourcesBuildPhase section */

/* Begin PBXSourcesBuildPhase section */
		ED4F37B027355D1600B47391 /* Sources */ = {
			isa = PBXSourcesBuildPhase;
			buildActionMask = 2147483647;
			files = (
				ED4F37CF273560F300B47391 /* ContentViewController.swift in Sources */,
				ED8F4199273AF44C0080C26F /* VisualEffectsViewController.swift in Sources */,
				ED4F37BC27355D1600B47391 /* ViewController.swift in Sources */,
				ED8F419B273B06BC0080C26F /* MotionEffectsViewController.swift in Sources */,
				ED4F37D12735BC2600B47391 /* DialogTransitionManager.swift in Sources */,
				ED4F37B827355D1600B47391 /* AppDelegate.swift in Sources */,
				ED4F37CD2735608E00B47391 /* ShelfTransitionManager.swift in Sources */,
				ED4F37BA27355D1600B47391 /* SceneDelegate.swift in Sources */,
			);
			runOnlyForDeploymentPostprocessing = 0;
		};
/* End PBXSourcesBuildPhase section */

/* Begin PBXVariantGroup section */
		ED4F37C227355D1700B47391 /* LaunchScreen.storyboard */ = {
			isa = PBXVariantGroup;
			children = (
				ED4F37C327355D1700B47391 /* Base */,
			);
			name = LaunchScreen.storyboard;
			sourceTree = "<group>";
		};
/* End PBXVariantGroup section */

/* Begin XCBuildConfiguration section */
		ED4F37C627355D1700B47391 /* Debug */ = {
			isa = XCBuildConfiguration;
			buildSettings = {
				ALWAYS_SEARCH_USER_PATHS = NO;
				CLANG_ANALYZER_NONNULL = YES;
				CLANG_ANALYZER_NUMBER_OBJECT_CONVERSION = YES_AGGRESSIVE;
				CLANG_CXX_LANGUAGE_STANDARD = "gnu++17";
				CLANG_CXX_LIBRARY = "libc++";
				CLANG_ENABLE_MODULES = YES;
				CLANG_ENABLE_OBJC_ARC = YES;
				CLANG_ENABLE_OBJC_WEAK = YES;
				CLANG_WARN_BLOCK_CAPTURE_AUTORELEASING = YES;
				CLANG_WARN_BOOL_CONVERSION = YES;
				CLANG_WARN_COMMA = YES;
				CLANG_WARN_CONSTANT_CONVERSION = YES;
				CLANG_WARN_DEPRECATED_OBJC_IMPLEMENTATIONS = YES;
				CLANG_WARN_DIRECT_OBJC_ISA_USAGE = YES_ERROR;
				CLANG_WARN_DOCUMENTATION_COMMENTS = YES;
				CLANG_WARN_EMPTY_BODY = YES;
				CLANG_WARN_ENUM_CONVERSION = YES;
				CLANG_WARN_INFINITE_RECURSION = YES;
				CLANG_WARN_INT_CONVERSION = YES;
				CLANG_WARN_NON_LITERAL_NULL_CONVERSION = YES;
				CLANG_WARN_OBJC_IMPLICIT_RETAIN_SELF = YES;
				CLANG_WARN_OBJC_LITERAL_CONVERSION = YES;
				CLANG_WARN_OBJC_ROOT_CLASS = YES_ERROR;
				CLANG_WARN_QUOTED_INCLUDE_IN_FRAMEWORK_HEADER = YES;
				CLANG_WARN_RANGE_LOOP_ANALYSIS = YES;
				CLANG_WARN_STRICT_PROTOTYPES = YES;
				CLANG_WARN_SUSPICIOUS_MOVE = YES;
				CLANG_WARN_UNGUARDED_AVAILABILITY = YES_AGGRESSIVE;
				CLANG_WARN_UNREACHABLE_CODE = YES;
				CLANG_WARN__DUPLICATE_METHOD_MATCH = YES;
				COPY_PHASE_STRIP = NO;
				DEBUG_INFORMATION_FORMAT = dwarf;
				ENABLE_STRICT_OBJC_MSGSEND = YES;
				ENABLE_TESTABILITY = YES;
				GCC_C_LANGUAGE_STANDARD = gnu11;
				GCC_DYNAMIC_NO_PIC = NO;
				GCC_NO_COMMON_BLOCKS = YES;
				GCC_OPTIMIZATION_LEVEL = 0;
				GCC_PREPROCESSOR_DEFINITIONS = (
					"DEBUG=1",
					"$(inherited)",
				);
				GCC_WARN_64_TO_32_BIT_CONVERSION = YES;
				GCC_WARN_ABOUT_RETURN_TYPE = YES_ERROR;
				GCC_WARN_UNDECLARED_SELECTOR = YES;
				GCC_WARN_UNINITIALIZED_AUTOS = YES_AGGRESSIVE;
				GCC_WARN_UNUSED_FUNCTION = YES;
				GCC_WARN_UNUSED_VARIABLE = YES;
				IPHONEOS_DEPLOYMENT_TARGET = 15.0;
				MTL_ENABLE_DEBUG_INFO = INCLUDE_SOURCE;
				MTL_FAST_MATH = YES;
				ONLY_ACTIVE_ARCH = YES;
				SDKROOT = iphoneos;
				SWIFT_ACTIVE_COMPILATION_CONDITIONS = DEBUG;
				SWIFT_OPTIMIZATION_LEVEL = "-Onone";
			};
			name = Debug;
		};
		ED4F37C727355D1700B47391 /* Release */ = {
			isa = XCBuildConfiguration;
			buildSettings = {
				ALWAYS_SEARCH_USER_PATHS = NO;
				CLANG_ANALYZER_NONNULL = YES;
				CLANG_ANALYZER_NUMBER_OBJECT_CONVERSION = YES_AGGRESSIVE;
				CLANG_CXX_LANGUAGE_STANDARD = "gnu++17";
				CLANG_CXX_LIBRARY = "libc++";
				CLANG_ENABLE_MODULES = YES;
				CLANG_ENABLE_OBJC_ARC = YES;
				CLANG_ENABLE_OBJC_WEAK = YES;
				CLANG_WARN_BLOCK_CAPTURE_AUTORELEASING = YES;
				CLANG_WARN_BOOL_CONVERSION = YES;
				CLANG_WARN_COMMA = YES;
				CLANG_WARN_CONSTANT_CONVERSION = YES;
				CLANG_WARN_DEPRECATED_OBJC_IMPLEMENTATIONS = YES;
				CLANG_WARN_DIRECT_OBJC_ISA_USAGE = YES_ERROR;
				CLANG_WARN_DOCUMENTATION_COMMENTS = YES;
				CLANG_WARN_EMPTY_BODY = YES;
				CLANG_WARN_ENUM_CONVERSION = YES;
				CLANG_WARN_INFINITE_RECURSION = YES;
				CLANG_WARN_INT_CONVERSION = YES;
				CLANG_WARN_NON_LITERAL_NULL_CONVERSION = YES;
				CLANG_WARN_OBJC_IMPLICIT_RETAIN_SELF = YES;
				CLANG_WARN_OBJC_LITERAL_CONVERSION = YES;
				CLANG_WARN_OBJC_ROOT_CLASS = YES_ERROR;
				CLANG_WARN_QUOTED_INCLUDE_IN_FRAMEWORK_HEADER = YES;
				CLANG_WARN_RANGE_LOOP_ANALYSIS = YES;
				CLANG_WARN_STRICT_PROTOTYPES = YES;
				CLANG_WARN_SUSPICIOUS_MOVE = YES;
				CLANG_WARN_UNGUARDED_AVAILABILITY = YES_AGGRESSIVE;
				CLANG_WARN_UNREACHABLE_CODE = YES;
				CLANG_WARN__DUPLICATE_METHOD_MATCH = YES;
				COPY_PHASE_STRIP = NO;
				DEBUG_INFORMATION_FORMAT = "dwarf-with-dsym";
				ENABLE_NS_ASSERTIONS = NO;
				ENABLE_STRICT_OBJC_MSGSEND = YES;
				GCC_C_LANGUAGE_STANDARD = gnu11;
				GCC_NO_COMMON_BLOCKS = YES;
				GCC_WARN_64_TO_32_BIT_CONVERSION = YES;
				GCC_WARN_ABOUT_RETURN_TYPE = YES_ERROR;
				GCC_WARN_UNDECLARED_SELECTOR = YES;
				GCC_WARN_UNINITIALIZED_AUTOS = YES_AGGRESSIVE;
				GCC_WARN_UNUSED_FUNCTION = YES;
				GCC_WARN_UNUSED_VARIABLE = YES;
				IPHONEOS_DEPLOYMENT_TARGET = 15.0;
				MTL_ENABLE_DEBUG_INFO = NO;
				MTL_FAST_MATH = YES;
				SDKROOT = iphoneos;
				SWIFT_COMPILATION_MODE = wholemodule;
				SWIFT_OPTIMIZATION_LEVEL = "-O";
				VALIDATE_PRODUCT = YES;
			};
			name = Release;
		};
		ED4F37C927355D1700B47391 /* Debug */ = {
			isa = XCBuildConfiguration;
			buildSettings = {
				ASSETCATALOG_COMPILER_APPICON_NAME = AppIcon;
				ASSETCATALOG_COMPILER_GLOBAL_ACCENT_COLOR_NAME = AccentColor;
				CODE_SIGN_STYLE = Automatic;
				CURRENT_PROJECT_VERSION = 1;
				DEVELOPMENT_TEAM = 55ATZ58U6M;
				GENERATE_INFOPLIST_FILE = YES;
				INFOPLIST_FILE = CustomPresentationController/Info.plist;
				INFOPLIST_KEY_UIApplicationSupportsIndirectInputEvents = YES;
				INFOPLIST_KEY_UILaunchStoryboardName = LaunchScreen;
				INFOPLIST_KEY_UISupportedInterfaceOrientations_iPad = "UIInterfaceOrientationPortrait UIInterfaceOrientationPortraitUpsideDown UIInterfaceOrientationLandscapeLeft UIInterfaceOrientationLandscapeRight";
				INFOPLIST_KEY_UISupportedInterfaceOrientations_iPhone = "UIInterfaceOrientationPortrait UIInterfaceOrientationLandscapeLeft UIInterfaceOrientationLandscapeRight";
				LD_RUNPATH_SEARCH_PATHS = (
					"$(inherited)",
					"@executable_path/Frameworks",
				);
				MARKETING_VERSION = 1.0;
				PRODUCT_BUNDLE_IDENTIFIER = ios.example.CustomPresentationController;
				PRODUCT_NAME = "$(TARGET_NAME)";
				SWIFT_EMIT_LOC_STRINGS = YES;
				SWIFT_VERSION = 5.0;
				TARGETED_DEVICE_FAMILY = "1,2";
			};
			name = Debug;
		};
		ED4F37CA27355D1700B47391 /* Release */ = {
			isa = XCBuildConfiguration;
			buildSettings = {
				ASSETCATALOG_COMPILER_APPICON_NAME = AppIcon;
				ASSETCATALOG_COMPILER_GLOBAL_ACCENT_COLOR_NAME = AccentColor;
				CODE_SIGN_STYLE = Automatic;
				CURRENT_PROJECT_VERSION = 1;
				DEVELOPMENT_TEAM = 55ATZ58U6M;
				GENERATE_INFOPLIST_FILE = YES;
				INFOPLIST_FILE = CustomPresentationController/Info.plist;
				INFOPLIST_KEY_UIApplicationSupportsIndirectInputEvents = YES;
				INFOPLIST_KEY_UILaunchStoryboardName = LaunchScreen;
				INFOPLIST_KEY_UISupportedInterfaceOrientations_iPad = "UIInterfaceOrientationPortrait UIInterfaceOrientationPortraitUpsideDown UIInterfaceOrientationLandscapeLeft UIInterfaceOrientationLandscapeRight";
				INFOPLIST_KEY_UISupportedInterfaceOrientations_iPhone = "UIInterfaceOrientationPortrait UIInterfaceOrientationLandscapeLeft UIInterfaceOrientationLandscapeRight";
				LD_RUNPATH_SEARCH_PATHS = (
					"$(inherited)",
					"@executable_path/Frameworks",
				);
				MARKETING_VERSION = 1.0;
				PRODUCT_BUNDLE_IDENTIFIER = ios.example.CustomPresentationController;
				PRODUCT_NAME = "$(TARGET_NAME)";
				SWIFT_EMIT_LOC_STRINGS = YES;
				SWIFT_VERSION = 5.0;
				TARGETED_DEVICE_FAMILY = "1,2";
			};
			name = Release;
		};
/* End XCBuildConfiguration section */

/* Begin XCConfigurationList section */
		ED4F37AF27355D1600B47391 /* Build configuration list for PBXProject "CustomPresentationController" */ = {
			isa = XCConfigurationList;
			buildConfigurations = (
				ED4F37C627355D1700B47391 /* Debug */,
				ED4F37C727355D1700B47391 /* Release */,
			);
			defaultConfigurationIsVisible = 0;
			defaultConfigurationName = Release;
		};
		ED4F37C827355D1700B47391 /* Build configuration list for PBXNativeTarget "CustomPresentationController" */ = {
			isa = XCConfigurationList;
			buildConfigurations = (
				ED4F37C927355D1700B47391 /* Debug */,
				ED4F37CA27355D1700B47391 /* Release */,
			);
			defaultConfigurationIsVisible = 0;
			defaultConfigurationName = Release;
		};
/* End XCConfigurationList section */
	};
	rootObject = ED4F37AC27355D1600B47391 /* Project object */;
}
