// !$*UTF8*$!
{
	archiveVersion = 1;
	classes = {
	};
	objectVersion = 55;
	objects = {

/* Begin PBXBuildFile section */
		ED0983BF277E4E2D00029852 /* SharedUserDefaultsAuthStateRepository.swift in Sources */ = {isa = PBXBuildFile; fileRef = EDC1DBB2277E0117005D1652 /* SharedUserDefaultsAuthStateRepository.swift */; };
		ED890CC4277E3ABC001687DD /* AppDelegate.swift in Sources */ = {isa = PBXBuildFile; fileRef = ED890CC3277E3ABC001687DD /* AppDelegate.swift */; };
		ED890CC6277E3ABC001687DD /* SceneDelegate.swift in Sources */ = {isa = PBXBuildFile; fileRef = ED890CC5277E3ABC001687DD /* SceneDelegate.swift */; };
		ED890CC8277E3ABC001687DD /* ViewController.swift in Sources */ = {isa = PBXBuildFile; fileRef = ED890CC7277E3ABC001687DD /* ViewController.swift */; };
		ED890CCD277E3ABD001687DD /* Assets.xcassets in Resources */ = {isa = PBXBuildFile; fileRef = ED890CCC277E3ABD001687DD /* Assets.xcassets */; };
		ED890CD0277E3ABD001687DD /* LaunchScreen.storyboard in Resources */ = {isa = PBXBuildFile; fileRef = ED890CCE277E3ABD001687DD /* LaunchScreen.storyboard */; };
		ED890CFC277E3C07001687DD /* AuthTokenProvider.swift in Sources */ = {isa = PBXBuildFile; fileRef = ED890CF3277E3C07001687DD /* AuthTokenProvider.swift */; };
		ED890CFD277E3C07001687DD /* AuthError.swift in Sources */ = {isa = PBXBuildFile; fileRef = ED890CF4277E3C07001687DD /* AuthError.swift */; };
		ED890CFE277E3C07001687DD /* AuthService.swift in Sources */ = {isa = PBXBuildFile; fileRef = ED890CF6277E3C07001687DD /* AuthService.swift */; };
		ED890CFF277E3C07001687DD /* Auth0AuthService.swift in Sources */ = {isa = PBXBuildFile; fileRef = ED890CF7277E3C07001687DD /* Auth0AuthService.swift */; };
		ED890D00277E3C07001687DD /* AuthStateRepository.swift in Sources */ = {isa = PBXBuildFile; fileRef = ED890CF9277E3C07001687DD /* AuthStateRepository.swift */; };
		ED890D01277E3C07001687DD /* KeyChainAuthStateRepository.swift in Sources */ = {isa = PBXBuildFile; fileRef = ED890CFA277E3C07001687DD /* KeyChainAuthStateRepository.swift */; };
		ED890D02277E3C07001687DD /* SharedUserDefaultsAuthStateRepository.swift in Sources */ = {isa = PBXBuildFile; fileRef = ED890CFB277E3C07001687DD /* SharedUserDefaultsAuthStateRepository.swift */; };
		ED890D04277E3C27001687DD /* TinyConstraints in Frameworks */ = {isa = PBXBuildFile; productRef = ED890D03277E3C27001687DD /* TinyConstraints */; };
		ED890D06277E3C28001687DD /* AppAuth in Frameworks */ = {isa = PBXBuildFile; productRef = ED890D05277E3C28001687DD /* AppAuth */; };
		ED890D08277E3C28001687DD /* AppAuthCore in Frameworks */ = {isa = PBXBuildFile; productRef = ED890D07277E3C28001687DD /* AppAuthCore */; };
		EDC1DB17277DF3FA005D1652 /* AppDelegate.swift in Sources */ = {isa = PBXBuildFile; fileRef = EDC1DB16277DF3FA005D1652 /* AppDelegate.swift */; };
		EDC1DB19277DF3FA005D1652 /* SceneDelegate.swift in Sources */ = {isa = PBXBuildFile; fileRef = EDC1DB18277DF3FA005D1652 /* SceneDelegate.swift */; };
		EDC1DB1B277DF3FA005D1652 /* ViewController.swift in Sources */ = {isa = PBXBuildFile; fileRef = EDC1DB1A277DF3FA005D1652 /* ViewController.swift */; };
		EDC1DB20277DF3FC005D1652 /* Assets.xcassets in Resources */ = {isa = PBXBuildFile; fileRef = EDC1DB1F277DF3FC005D1652 /* Assets.xcassets */; };
		EDC1DB23277DF3FC005D1652 /* LaunchScreen.storyboard in Resources */ = {isa = PBXBuildFile; fileRef = EDC1DB21277DF3FC005D1652 /* LaunchScreen.storyboard */; };
		EDC1DB48277DF59C005D1652 /* TinyConstraints in Frameworks */ = {isa = PBXBuildFile; productRef = EDC1DB47277DF59C005D1652 /* TinyConstraints */; };
		EDC1DB4B277DF5B9005D1652 /* AppAuth in Frameworks */ = {isa = PBXBuildFile; productRef = EDC1DB4A277DF5B9005D1652 /* AppAuth */; };
		EDC1DB4D277DF5B9005D1652 /* AppAuthCore in Frameworks */ = {isa = PBXBuildFile; productRef = EDC1DB4C277DF5B9005D1652 /* AppAuthCore */; };
		EDC1DB55277DF60E005D1652 /* SharedAppAuthStateAppClipApp.swift in Sources */ = {isa = PBXBuildFile; fileRef = EDC1DB54277DF60E005D1652 /* SharedAppAuthStateAppClipApp.swift */; };
		EDC1DB57277DF60E005D1652 /* ContentView.swift in Sources */ = {isa = PBXBuildFile; fileRef = EDC1DB56277DF60E005D1652 /* ContentView.swift */; };
		EDC1DB59277DF60F005D1652 /* Assets.xcassets in Resources */ = {isa = PBXBuildFile; fileRef = EDC1DB58277DF60F005D1652 /* Assets.xcassets */; };
		EDC1DB5C277DF60F005D1652 /* Preview Assets.xcassets in Resources */ = {isa = PBXBuildFile; fileRef = EDC1DB5B277DF60F005D1652 /* Preview Assets.xcassets */; };
		EDC1DB77277DF610005D1652 /* SharedAppAuthStateAppClip.app in Embed App Clips */ = {isa = PBXBuildFile; fileRef = EDC1DB52277DF60E005D1652 /* SharedAppAuthStateAppClip.app */; settings = {ATTRIBUTES = (RemoveHeadersOnCopy, ); }; };
		EDC1DB89277DF670005D1652 /* WidgetKit.framework in Frameworks */ = {isa = PBXBuildFile; fileRef = EDC1DB88277DF670005D1652 /* WidgetKit.framework */; };
		EDC1DB8B277DF670005D1652 /* SwiftUI.framework in Frameworks */ = {isa = PBXBuildFile; fileRef = EDC1DB8A277DF670005D1652 /* SwiftUI.framework */; };
		EDC1DB8E277DF670005D1652 /* SharedAppAuthStateWidget.swift in Sources */ = {isa = PBXBuildFile; fileRef = EDC1DB8D277DF670005D1652 /* SharedAppAuthStateWidget.swift */; };
		EDC1DB91277DF671005D1652 /* Assets.xcassets in Resources */ = {isa = PBXBuildFile; fileRef = EDC1DB90277DF671005D1652 /* Assets.xcassets */; };
		EDC1DB93277DF671005D1652 /* SharedAppAuthStateWidget.intentdefinition in Sources */ = {isa = PBXBuildFile; fileRef = EDC1DB8F277DF670005D1652 /* SharedAppAuthStateWidget.intentdefinition */; };
		EDC1DB94277DF671005D1652 /* SharedAppAuthStateWidget.intentdefinition in Sources */ = {isa = PBXBuildFile; fileRef = EDC1DB8F277DF670005D1652 /* SharedAppAuthStateWidget.intentdefinition */; };
		EDC1DB97277DF671005D1652 /* SharedAppAuthStateWidgetExtension.appex in Embed App Extensions */ = {isa = PBXBuildFile; fileRef = EDC1DB86277DF670005D1652 /* SharedAppAuthStateWidgetExtension.appex */; settings = {ATTRIBUTES = (RemoveHeadersOnCopy, ); }; };
		EDC1DB9E277DFE88005D1652 /* AuthTokenProvider.swift in Sources */ = {isa = PBXBuildFile; fileRef = EDC1DB9D277DFE88005D1652 /* AuthTokenProvider.swift */; };
		EDC1DB9F277DFE88005D1652 /* AuthTokenProvider.swift in Sources */ = {isa = PBXBuildFile; fileRef = EDC1DB9D277DFE88005D1652 /* AuthTokenProvider.swift */; };
		EDC1DBA0277DFE88005D1652 /* AuthTokenProvider.swift in Sources */ = {isa = PBXBuildFile; fileRef = EDC1DB9D277DFE88005D1652 /* AuthTokenProvider.swift */; };
		EDC1DBA3277DFECE005D1652 /* AuthService.swift in Sources */ = {isa = PBXBuildFile; fileRef = EDC1DBA2277DFECE005D1652 /* AuthService.swift */; };
		EDC1DBA4277DFECE005D1652 /* AuthService.swift in Sources */ = {isa = PBXBuildFile; fileRef = EDC1DBA2277DFECE005D1652 /* AuthService.swift */; };
		EDC1DBA7277DFEDF005D1652 /* Auth0AuthService.swift in Sources */ = {isa = PBXBuildFile; fileRef = EDC1DBA6277DFEDF005D1652 /* Auth0AuthService.swift */; };
		EDC1DBA8277DFEDF005D1652 /* Auth0AuthService.swift in Sources */ = {isa = PBXBuildFile; fileRef = EDC1DBA6277DFEDF005D1652 /* Auth0AuthService.swift */; };
		EDC1DBAC277E00DB005D1652 /* AuthStateRepository.swift in Sources */ = {isa = PBXBuildFile; fileRef = EDC1DBAB277E00DB005D1652 /* AuthStateRepository.swift */; };
		EDC1DBAD277E00DB005D1652 /* AuthStateRepository.swift in Sources */ = {isa = PBXBuildFile; fileRef = EDC1DBAB277E00DB005D1652 /* AuthStateRepository.swift */; };
		EDC1DBAE277E00DB005D1652 /* AuthStateRepository.swift in Sources */ = {isa = PBXBuildFile; fileRef = EDC1DBAB277E00DB005D1652 /* AuthStateRepository.swift */; };
		EDC1DBB0277E0100005D1652 /* KeyChainAuthStateRepository.swift in Sources */ = {isa = PBXBuildFile; fileRef = EDC1DBAF277E0100005D1652 /* KeyChainAuthStateRepository.swift */; };
		EDC1DBB1277E0100005D1652 /* KeyChainAuthStateRepository.swift in Sources */ = {isa = PBXBuildFile; fileRef = EDC1DBAF277E0100005D1652 /* KeyChainAuthStateRepository.swift */; };
		EDC1DBB3277E0117005D1652 /* SharedUserDefaultsAuthStateRepository.swift in Sources */ = {isa = PBXBuildFile; fileRef = EDC1DBB2277E0117005D1652 /* SharedUserDefaultsAuthStateRepository.swift */; };
		EDC1DBB4277E0117005D1652 /* SharedUserDefaultsAuthStateRepository.swift in Sources */ = {isa = PBXBuildFile; fileRef = EDC1DBB2277E0117005D1652 /* SharedUserDefaultsAuthStateRepository.swift */; };
		EDC1DBB6277E01AF005D1652 /* AuthError.swift in Sources */ = {isa = PBXBuildFile; fileRef = EDC1DBB5277E01AF005D1652 /* AuthError.swift */; };
		EDC1DBB7277E01AF005D1652 /* AuthError.swift in Sources */ = {isa = PBXBuildFile; fileRef = EDC1DBB5277E01AF005D1652 /* AuthError.swift */; };
		EDC1DBB8277E01AF005D1652 /* AuthError.swift in Sources */ = {isa = PBXBuildFile; fileRef = EDC1DBB5277E01AF005D1652 /* AuthError.swift */; };
		EDC1DBBA277E0753005D1652 /* AppAuth in Frameworks */ = {isa = PBXBuildFile; productRef = EDC1DBB9277E0753005D1652 /* AppAuth */; };
		EDC1DBBC277E0753005D1652 /* AppAuthCore in Frameworks */ = {isa = PBXBuildFile; productRef = EDC1DBBB277E0753005D1652 /* AppAuthCore */; };
		EDC1DBBE277E075C005D1652 /* AppAuth in Frameworks */ = {isa = PBXBuildFile; productRef = EDC1DBBD277E075C005D1652 /* AppAuth */; };
		EDC1DBC0277E075C005D1652 /* AppAuthCore in Frameworks */ = {isa = PBXBuildFile; productRef = EDC1DBBF277E075C005D1652 /* AppAuthCore */; };
		EDC1DBC3277E152B005D1652 /* WidgetAuthTokenProvider.swift in Sources */ = {isa = PBXBuildFile; fileRef = EDC1DBC2277E152B005D1652 /* WidgetAuthTokenProvider.swift */; };
/* End PBXBuildFile section */

/* Begin PBXContainerItemProxy section */
		EDC1DB75277DF610005D1652 /* PBXContainerItemProxy */ = {
			isa = PBXContainerItemProxy;
			containerPortal = EDC1DB0B277DF3FA005D1652 /* Project object */;
			proxyType = 1;
			remoteGlobalIDString = EDC1DB51277DF60E005D1652;
			remoteInfo = SharedAppAuthStateAppClip;
		};
		EDC1DB95277DF671005D1652 /* PBXContainerItemProxy */ = {
			isa = PBXContainerItemProxy;
			containerPortal = EDC1DB0B277DF3FA005D1652 /* Project object */;
			proxyType = 1;
			remoteGlobalIDString = EDC1DB85277DF670005D1652;
			remoteInfo = SharedAppAuthStateWidgetExtension;
		};
/* End PBXContainerItemProxy section */

/* Begin PBXCopyFilesBuildPhase section */
		EDC1DB7B277DF610005D1652 /* Embed App Clips */ = {
			isa = PBXCopyFilesBuildPhase;
			buildActionMask = 2147483647;
			dstPath = "$(CONTENTS_FOLDER_PATH)/AppClips";
			dstSubfolderSpec = 16;
			files = (
				EDC1DB77277DF610005D1652 /* SharedAppAuthStateAppClip.app in Embed App Clips */,
			);
			name = "Embed App Clips";
			runOnlyForDeploymentPostprocessing = 0;
		};
		EDC1DB9B277DF671005D1652 /* Embed App Extensions */ = {
			isa = PBXCopyFilesBuildPhase;
			buildActionMask = 2147483647;
			dstPath = "";
			dstSubfolderSpec = 13;
			files = (
				EDC1DB97277DF671005D1652 /* SharedAppAuthStateWidgetExtension.appex in Embed App Extensions */,
			);
			name = "Embed App Extensions";
			runOnlyForDeploymentPostprocessing = 0;
		};
/* End PBXCopyFilesBuildPhase section */

/* Begin PBXFileReference section */
		ED890CC1277E3ABC001687DD /* SharedAppAuthStateSecondApp.app */ = {isa = PBXFileReference; explicitFileType = wrapper.application; includeInIndex = 0; path = SharedAppAuthStateSecondApp.app; sourceTree = BUILT_PRODUCTS_DIR; };
		ED890CC3277E3ABC001687DD /* AppDelegate.swift */ = {isa = PBXFileReference; lastKnownFileType = sourcecode.swift; path = AppDelegate.swift; sourceTree = "<group>"; };
		ED890CC5277E3ABC001687DD /* SceneDelegate.swift */ = {isa = PBXFileReference; lastKnownFileType = sourcecode.swift; path = SceneDelegate.swift; sourceTree = "<group>"; };
		ED890CC7277E3ABC001687DD /* ViewController.swift */ = {isa = PBXFileReference; lastKnownFileType = sourcecode.swift; path = ViewController.swift; sourceTree = "<group>"; };
		ED890CCC277E3ABD001687DD /* Assets.xcassets */ = {isa = PBXFileReference; lastKnownFileType = folder.assetcatalog; path = Assets.xcassets; sourceTree = "<group>"; };
		ED890CCF277E3ABD001687DD /* Base */ = {isa = PBXFileReference; lastKnownFileType = file.storyboard; name = Base; path = Base.lproj/LaunchScreen.storyboard; sourceTree = "<group>"; };
		ED890CD1277E3ABD001687DD /* Info.plist */ = {isa = PBXFileReference; lastKnownFileType = text.plist.xml; path = Info.plist; sourceTree = "<group>"; };
		ED890CF1277E3AD4001687DD /* SharedAppAuthStateSecondApp.entitlements */ = {isa = PBXFileReference; lastKnownFileType = text.plist.entitlements; path = SharedAppAuthStateSecondApp.entitlements; sourceTree = "<group>"; };
		ED890CF3277E3C07001687DD /* AuthTokenProvider.swift */ = {isa = PBXFileReference; fileEncoding = 4; lastKnownFileType = sourcecode.swift; path = AuthTokenProvider.swift; sourceTree = "<group>"; };
		ED890CF4277E3C07001687DD /* AuthError.swift */ = {isa = PBXFileReference; fileEncoding = 4; lastKnownFileType = sourcecode.swift; path = AuthError.swift; sourceTree = "<group>"; };
		ED890CF6277E3C07001687DD /* AuthService.swift */ = {isa = PBXFileReference; fileEncoding = 4; lastKnownFileType = sourcecode.swift; path = AuthService.swift; sourceTree = "<group>"; };
		ED890CF7277E3C07001687DD /* Auth0AuthService.swift */ = {isa = PBXFileReference; fileEncoding = 4; lastKnownFileType = sourcecode.swift; path = Auth0AuthService.swift; sourceTree = "<group>"; };
		ED890CF9277E3C07001687DD /* AuthStateRepository.swift */ = {isa = PBXFileReference; fileEncoding = 4; lastKnownFileType = sourcecode.swift; path = AuthStateRepository.swift; sourceTree = "<group>"; };
		ED890CFA277E3C07001687DD /* KeyChainAuthStateRepository.swift */ = {isa = PBXFileReference; fileEncoding = 4; lastKnownFileType = sourcecode.swift; path = KeyChainAuthStateRepository.swift; sourceTree = "<group>"; };
		ED890CFB277E3C07001687DD /* SharedUserDefaultsAuthStateRepository.swift */ = {isa = PBXFileReference; fileEncoding = 4; lastKnownFileType = sourcecode.swift; path = SharedUserDefaultsAuthStateRepository.swift; sourceTree = "<group>"; };
		EDC1DB13277DF3FA005D1652 /* SharedAppAuthState.app */ = {isa = PBXFileReference; explicitFileType = wrapper.application; includeInIndex = 0; path = SharedAppAuthState.app; sourceTree = BUILT_PRODUCTS_DIR; };
		EDC1DB16277DF3FA005D1652 /* AppDelegate.swift */ = {isa = PBXFileReference; lastKnownFileType = sourcecode.swift; path = AppDelegate.swift; sourceTree = "<group>"; };
		EDC1DB18277DF3FA005D1652 /* SceneDelegate.swift */ = {isa = PBXFileReference; lastKnownFileType = sourcecode.swift; path = SceneDelegate.swift; sourceTree = "<group>"; };
		EDC1DB1A277DF3FA005D1652 /* ViewController.swift */ = {isa = PBXFileReference; lastKnownFileType = sourcecode.swift; path = ViewController.swift; sourceTree = "<group>"; };
		EDC1DB1F277DF3FC005D1652 /* Assets.xcassets */ = {isa = PBXFileReference; lastKnownFileType = folder.assetcatalog; path = Assets.xcassets; sourceTree = "<group>"; };
		EDC1DB22277DF3FC005D1652 /* Base */ = {isa = PBXFileReference; lastKnownFileType = file.storyboard; name = Base; path = Base.lproj/LaunchScreen.storyboard; sourceTree = "<group>"; };
		EDC1DB24277DF3FC005D1652 /* Info.plist */ = {isa = PBXFileReference; lastKnownFileType = text.plist.xml; path = Info.plist; sourceTree = "<group>"; };
		EDC1DB52277DF60E005D1652 /* SharedAppAuthStateAppClip.app */ = {isa = PBXFileReference; explicitFileType = wrapper.application; includeInIndex = 0; path = SharedAppAuthStateAppClip.app; sourceTree = BUILT_PRODUCTS_DIR; };
		EDC1DB54277DF60E005D1652 /* SharedAppAuthStateAppClipApp.swift */ = {isa = PBXFileReference; lastKnownFileType = sourcecode.swift; path = SharedAppAuthStateAppClipApp.swift; sourceTree = "<group>"; };
		EDC1DB56277DF60E005D1652 /* ContentView.swift */ = {isa = PBXFileReference; lastKnownFileType = sourcecode.swift; path = ContentView.swift; sourceTree = "<group>"; };
		EDC1DB58277DF60F005D1652 /* Assets.xcassets */ = {isa = PBXFileReference; lastKnownFileType = folder.assetcatalog; path = Assets.xcassets; sourceTree = "<group>"; };
		EDC1DB5B277DF60F005D1652 /* Preview Assets.xcassets */ = {isa = PBXFileReference; lastKnownFileType = folder.assetcatalog; path = "Preview Assets.xcassets"; sourceTree = "<group>"; };
		EDC1DB5D277DF60F005D1652 /* Info.plist */ = {isa = PBXFileReference; lastKnownFileType = text.plist.xml; path = Info.plist; sourceTree = "<group>"; };
		EDC1DB5E277DF60F005D1652 /* SharedAppAuthStateAppClip.entitlements */ = {isa = PBXFileReference; lastKnownFileType = text.plist.entitlements; path = SharedAppAuthStateAppClip.entitlements; sourceTree = "<group>"; };
		EDC1DB86277DF670005D1652 /* SharedAppAuthStateWidgetExtension.appex */ = {isa = PBXFileReference; explicitFileType = "wrapper.app-extension"; includeInIndex = 0; path = SharedAppAuthStateWidgetExtension.appex; sourceTree = BUILT_PRODUCTS_DIR; };
		EDC1DB88277DF670005D1652 /* WidgetKit.framework */ = {isa = PBXFileReference; lastKnownFileType = wrapper.framework; name = WidgetKit.framework; path = System/Library/Frameworks/WidgetKit.framework; sourceTree = SDKROOT; };
		EDC1DB8A277DF670005D1652 /* SwiftUI.framework */ = {isa = PBXFileReference; lastKnownFileType = wrapper.framework; name = SwiftUI.framework; path = System/Library/Frameworks/SwiftUI.framework; sourceTree = SDKROOT; };
		EDC1DB8D277DF670005D1652 /* SharedAppAuthStateWidget.swift */ = {isa = PBXFileReference; lastKnownFileType = sourcecode.swift; path = SharedAppAuthStateWidget.swift; sourceTree = "<group>"; };
		EDC1DB8F277DF670005D1652 /* SharedAppAuthStateWidget.intentdefinition */ = {isa = PBXFileReference; lastKnownFileType = file.intentdefinition; path = SharedAppAuthStateWidget.intentdefinition; sourceTree = "<group>"; };
		EDC1DB90277DF671005D1652 /* Assets.xcassets */ = {isa = PBXFileReference; lastKnownFileType = folder.assetcatalog; path = Assets.xcassets; sourceTree = "<group>"; };
		EDC1DB92277DF671005D1652 /* Info.plist */ = {isa = PBXFileReference; lastKnownFileType = text.plist.xml; path = Info.plist; sourceTree = "<group>"; };
		EDC1DB9D277DFE88005D1652 /* AuthTokenProvider.swift */ = {isa = PBXFileReference; lastKnownFileType = sourcecode.swift; path = AuthTokenProvider.swift; sourceTree = "<group>"; };
		EDC1DBA2277DFECE005D1652 /* AuthService.swift */ = {isa = PBXFileReference; lastKnownFileType = sourcecode.swift; path = AuthService.swift; sourceTree = "<group>"; };
		EDC1DBA6277DFEDF005D1652 /* Auth0AuthService.swift */ = {isa = PBXFileReference; lastKnownFileType = sourcecode.swift; path = Auth0AuthService.swift; sourceTree = "<group>"; };
		EDC1DBAB277E00DB005D1652 /* AuthStateRepository.swift */ = {isa = PBXFileReference; lastKnownFileType = sourcecode.swift; path = AuthStateRepository.swift; sourceTree = "<group>"; };
		EDC1DBAF277E0100005D1652 /* KeyChainAuthStateRepository.swift */ = {isa = PBXFileReference; lastKnownFileType = sourcecode.swift; path = KeyChainAuthStateRepository.swift; sourceTree = "<group>"; };
		EDC1DBB2277E0117005D1652 /* SharedUserDefaultsAuthStateRepository.swift */ = {isa = PBXFileReference; lastKnownFileType = sourcecode.swift; path = SharedUserDefaultsAuthStateRepository.swift; sourceTree = "<group>"; };
		EDC1DBB5277E01AF005D1652 /* AuthError.swift */ = {isa = PBXFileReference; lastKnownFileType = sourcecode.swift; path = AuthError.swift; sourceTree = "<group>"; };
		EDC1DBC2277E152B005D1652 /* WidgetAuthTokenProvider.swift */ = {isa = PBXFileReference; lastKnownFileType = sourcecode.swift; path = WidgetAuthTokenProvider.swift; sourceTree = "<group>"; };
		EDC1DBC4277E2029005D1652 /* SharedAppAuthState.entitlements */ = {isa = PBXFileReference; lastKnownFileType = text.plist.entitlements; path = SharedAppAuthState.entitlements; sourceTree = "<group>"; };
		EDC1DBC5277E2145005D1652 /* SharedAppAuthStateWidgetExtension.entitlements */ = {isa = PBXFileReference; lastKnownFileType = text.plist.entitlements; path = SharedAppAuthStateWidgetExtension.entitlements; sourceTree = "<group>"; };
/* End PBXFileReference section */

/* Begin PBXFrameworksBuildPhase section */
		ED890CBE277E3ABC001687DD /* Frameworks */ = {
			isa = PBXFrameworksBuildPhase;
			buildActionMask = 2147483647;
			files = (
				ED890D06277E3C28001687DD /* AppAuth in Frameworks */,
				ED890D04277E3C27001687DD /* TinyConstraints in Frameworks */,
				ED890D08277E3C28001687DD /* AppAuthCore in Frameworks */,
			);
			runOnlyForDeploymentPostprocessing = 0;
		};
		EDC1DB10277DF3FA005D1652 /* Frameworks */ = {
			isa = PBXFrameworksBuildPhase;
			buildActionMask = 2147483647;
			files = (
				EDC1DB4B277DF5B9005D1652 /* AppAuth in Frameworks */,
				EDC1DB48277DF59C005D1652 /* TinyConstraints in Frameworks */,
				EDC1DB4D277DF5B9005D1652 /* AppAuthCore in Frameworks */,
			);
			runOnlyForDeploymentPostprocessing = 0;
		};
		EDC1DB4F277DF60E005D1652 /* Frameworks */ = {
			isa = PBXFrameworksBuildPhase;
			buildActionMask = 2147483647;
			files = (
				EDC1DBBA277E0753005D1652 /* AppAuth in Frameworks */,
				EDC1DBBC277E0753005D1652 /* AppAuthCore in Frameworks */,
			);
			runOnlyForDeploymentPostprocessing = 0;
		};
		EDC1DB83277DF670005D1652 /* Frameworks */ = {
			isa = PBXFrameworksBuildPhase;
			buildActionMask = 2147483647;
			files = (
				EDC1DBBE277E075C005D1652 /* AppAuth in Frameworks */,
				EDC1DB8B277DF670005D1652 /* SwiftUI.framework in Frameworks */,
				EDC1DB89277DF670005D1652 /* WidgetKit.framework in Frameworks */,
				EDC1DBC0277E075C005D1652 /* AppAuthCore in Frameworks */,
			);
			runOnlyForDeploymentPostprocessing = 0;
		};
/* End PBXFrameworksBuildPhase section */

/* Begin PBXGroup section */
		ED890CC2277E3ABC001687DD /* SharedAppAuthStateSecondApp */ = {
			isa = PBXGroup;
			children = (
				ED890CF1277E3AD4001687DD /* SharedAppAuthStateSecondApp.entitlements */,
				ED890CC3277E3ABC001687DD /* AppDelegate.swift */,
				ED890CC5277E3ABC001687DD /* SceneDelegate.swift */,
				ED890CC7277E3ABC001687DD /* ViewController.swift */,
				ED890CCC277E3ABD001687DD /* Assets.xcassets */,
				ED890CCE277E3ABD001687DD /* LaunchScreen.storyboard */,
				ED890CD1277E3ABD001687DD /* Info.plist */,
				ED890CF2277E3C07001687DD /* Auth */,
			);
			path = SharedAppAuthStateSecondApp;
			sourceTree = "<group>";
		};
		ED890CF2277E3C07001687DD /* Auth */ = {
			isa = PBXGroup;
			children = (
				ED890CF3277E3C07001687DD /* AuthTokenProvider.swift */,
				ED890CF4277E3C07001687DD /* AuthError.swift */,
				ED890CF5277E3C07001687DD /* AuthService */,
				ED890CF8277E3C07001687DD /* AuthStateRepository */,
			);
			path = Auth;
			sourceTree = "<group>";
		};
		ED890CF5277E3C07001687DD /* AuthService */ = {
			isa = PBXGroup;
			children = (
				ED890CF6277E3C07001687DD /* AuthService.swift */,
				ED890CF7277E3C07001687DD /* Auth0AuthService.swift */,
			);
			path = AuthService;
			sourceTree = "<group>";
		};
		ED890CF8277E3C07001687DD /* AuthStateRepository */ = {
			isa = PBXGroup;
			children = (
				ED890CF9277E3C07001687DD /* AuthStateRepository.swift */,
				ED890CFA277E3C07001687DD /* KeyChainAuthStateRepository.swift */,
				ED890CFB277E3C07001687DD /* SharedUserDefaultsAuthStateRepository.swift */,
			);
			path = AuthStateRepository;
			sourceTree = "<group>";
		};
		EDC1DB0A277DF3FA005D1652 = {
			isa = PBXGroup;
			children = (
				EDC1DBC5277E2145005D1652 /* SharedAppAuthStateWidgetExtension.entitlements */,
				EDC1DB15277DF3FA005D1652 /* SharedAppAuthState */,
				EDC1DB53277DF60E005D1652 /* SharedAppAuthStateAppClip */,
				EDC1DB8C277DF670005D1652 /* SharedAppAuthStateWidget */,
				ED890CC2277E3ABC001687DD /* SharedAppAuthStateSecondApp */,
				EDC1DB87277DF670005D1652 /* Frameworks */,
				EDC1DB14277DF3FA005D1652 /* Products */,
			);
			sourceTree = "<group>";
		};
		EDC1DB14277DF3FA005D1652 /* Products */ = {
			isa = PBXGroup;
			children = (
				EDC1DB13277DF3FA005D1652 /* SharedAppAuthState.app */,
				EDC1DB52277DF60E005D1652 /* SharedAppAuthStateAppClip.app */,
				EDC1DB86277DF670005D1652 /* SharedAppAuthStateWidgetExtension.appex */,
				ED890CC1277E3ABC001687DD /* SharedAppAuthStateSecondApp.app */,
			);
			name = Products;
			sourceTree = "<group>";
		};
		EDC1DB15277DF3FA005D1652 /* SharedAppAuthState */ = {
			isa = PBXGroup;
			children = (
				EDC1DBC4277E2029005D1652 /* SharedAppAuthState.entitlements */,
				EDC1DB16277DF3FA005D1652 /* AppDelegate.swift */,
				EDC1DB18277DF3FA005D1652 /* SceneDelegate.swift */,
				EDC1DB1A277DF3FA005D1652 /* ViewController.swift */,
				EDC1DB1F277DF3FC005D1652 /* Assets.xcassets */,
				EDC1DB21277DF3FC005D1652 /* LaunchScreen.storyboard */,
				EDC1DB24277DF3FC005D1652 /* Info.plist */,
				EDC1DB9C277DFE5E005D1652 /* Auth */,
			);
			path = SharedAppAuthState;
			sourceTree = "<group>";
		};
		EDC1DB53277DF60E005D1652 /* SharedAppAuthStateAppClip */ = {
			isa = PBXGroup;
			children = (
				EDC1DB54277DF60E005D1652 /* SharedAppAuthStateAppClipApp.swift */,
				EDC1DB56277DF60E005D1652 /* ContentView.swift */,
				EDC1DB58277DF60F005D1652 /* Assets.xcassets */,
				EDC1DB5D277DF60F005D1652 /* Info.plist */,
				EDC1DB5E277DF60F005D1652 /* SharedAppAuthStateAppClip.entitlements */,
				EDC1DB5A277DF60F005D1652 /* Preview Content */,
			);
			path = SharedAppAuthStateAppClip;
			sourceTree = "<group>";
		};
		EDC1DB5A277DF60F005D1652 /* Preview Content */ = {
			isa = PBXGroup;
			children = (
				EDC1DB5B277DF60F005D1652 /* Preview Assets.xcassets */,
			);
			path = "Preview Content";
			sourceTree = "<group>";
		};
		EDC1DB87277DF670005D1652 /* Frameworks */ = {
			isa = PBXGroup;
			children = (
				EDC1DB88277DF670005D1652 /* WidgetKit.framework */,
				EDC1DB8A277DF670005D1652 /* SwiftUI.framework */,
			);
			name = Frameworks;
			sourceTree = "<group>";
		};
		EDC1DB8C277DF670005D1652 /* SharedAppAuthStateWidget */ = {
			isa = PBXGroup;
			children = (
				EDC1DB8D277DF670005D1652 /* SharedAppAuthStateWidget.swift */,
				EDC1DB8F277DF670005D1652 /* SharedAppAuthStateWidget.intentdefinition */,
				EDC1DBC1277E150D005D1652 /* Auth */,
				EDC1DB90277DF671005D1652 /* Assets.xcassets */,
				EDC1DB92277DF671005D1652 /* Info.plist */,
			);
			path = SharedAppAuthStateWidget;
			sourceTree = "<group>";
		};
		EDC1DB9C277DFE5E005D1652 /* Auth */ = {
			isa = PBXGroup;
			children = (
				EDC1DBB5277E01AF005D1652 /* AuthError.swift */,
				EDC1DB9D277DFE88005D1652 /* AuthTokenProvider.swift */,
				EDC1DBA1277DFEB9005D1652 /* AuthService */,
				EDC1DBAA277E00B0005D1652 /* AuthStateRepository */,
			);
			path = Auth;
			sourceTree = "<group>";
		};
		EDC1DBA1277DFEB9005D1652 /* AuthService */ = {
			isa = PBXGroup;
			children = (
				EDC1DBA2277DFECE005D1652 /* AuthService.swift */,
				EDC1DBA6277DFEDF005D1652 /* Auth0AuthService.swift */,
			);
			path = AuthService;
			sourceTree = "<group>";
		};
		EDC1DBAA277E00B0005D1652 /* AuthStateRepository */ = {
			isa = PBXGroup;
			children = (
				EDC1DBAB277E00DB005D1652 /* AuthStateRepository.swift */,
				EDC1DBAF277E0100005D1652 /* KeyChainAuthStateRepository.swift */,
				EDC1DBB2277E0117005D1652 /* SharedUserDefaultsAuthStateRepository.swift */,
			);
			path = AuthStateRepository;
			sourceTree = "<group>";
		};
		EDC1DBC1277E150D005D1652 /* Auth */ = {
			isa = PBXGroup;
			children = (
				EDC1DBC2277E152B005D1652 /* WidgetAuthTokenProvider.swift */,
			);
			path = Auth;
			sourceTree = "<group>";
		};
/* End PBXGroup section */

/* Begin PBXNativeTarget section */
		ED890CC0277E3ABC001687DD /* SharedAppAuthStateSecondApp */ = {
			isa = PBXNativeTarget;
			buildConfigurationList = ED890CE8277E3ABD001687DD /* Build configuration list for PBXNativeTarget "SharedAppAuthStateSecondApp" */;
			buildPhases = (
				ED890CBD277E3ABC001687DD /* Sources */,
				ED890CBE277E3ABC001687DD /* Frameworks */,
				ED890CBF277E3ABC001687DD /* Resources */,
			);
			buildRules = (
			);
			dependencies = (
			);
			name = SharedAppAuthStateSecondApp;
			packageProductDependencies = (
				ED890D03277E3C27001687DD /* TinyConstraints */,
				ED890D05277E3C28001687DD /* AppAuth */,
				ED890D07277E3C28001687DD /* AppAuthCore */,
			);
			productName = SharedAppAuthStateSecondApp;
			productReference = ED890CC1277E3ABC001687DD /* SharedAppAuthStateSecondApp.app */;
			productType = "com.apple.product-type.application";
		};
		EDC1DB12277DF3FA005D1652 /* SharedAppAuthState */ = {
			isa = PBXNativeTarget;
			buildConfigurationList = EDC1DB3D277DF3FC005D1652 /* Build configuration list for PBXNativeTarget "SharedAppAuthState" */;
			buildPhases = (
				EDC1DB0F277DF3FA005D1652 /* Sources */,
				EDC1DB10277DF3FA005D1652 /* Frameworks */,
				EDC1DB11277DF3FA005D1652 /* Resources */,
				EDC1DB7B277DF610005D1652 /* Embed App Clips */,
				EDC1DB9B277DF671005D1652 /* Embed App Extensions */,
			);
			buildRules = (
			);
			dependencies = (
				EDC1DB76277DF610005D1652 /* PBXTargetDependency */,
				EDC1DB96277DF671005D1652 /* PBXTargetDependency */,
			);
			name = SharedAppAuthState;
			packageProductDependencies = (
				EDC1DB47277DF59C005D1652 /* TinyConstraints */,
				EDC1DB4A277DF5B9005D1652 /* AppAuth */,
				EDC1DB4C277DF5B9005D1652 /* AppAuthCore */,
			);
			productName = SharedAppAuthState;
			productReference = EDC1DB13277DF3FA005D1652 /* SharedAppAuthState.app */;
			productType = "com.apple.product-type.application";
		};
		EDC1DB51277DF60E005D1652 /* SharedAppAuthStateAppClip */ = {
			isa = PBXNativeTarget;
			buildConfigurationList = EDC1DB78277DF610005D1652 /* Build configuration list for PBXNativeTarget "SharedAppAuthStateAppClip" */;
			buildPhases = (
				EDC1DB4E277DF60E005D1652 /* Sources */,
				EDC1DB4F277DF60E005D1652 /* Frameworks */,
				EDC1DB50277DF60E005D1652 /* Resources */,
			);
			buildRules = (
			);
			dependencies = (
			);
			name = SharedAppAuthStateAppClip;
			packageProductDependencies = (
				EDC1DBB9277E0753005D1652 /* AppAuth */,
				EDC1DBBB277E0753005D1652 /* AppAuthCore */,
			);
			productName = SharedAppAuthStateAppClip;
			productReference = EDC1DB52277DF60E005D1652 /* SharedAppAuthStateAppClip.app */;
			productType = "com.apple.product-type.application.on-demand-install-capable";
		};
		EDC1DB85277DF670005D1652 /* SharedAppAuthStateWidgetExtension */ = {
			isa = PBXNativeTarget;
			buildConfigurationList = EDC1DB98277DF671005D1652 /* Build configuration list for PBXNativeTarget "SharedAppAuthStateWidgetExtension" */;
			buildPhases = (
				EDC1DB82277DF670005D1652 /* Sources */,
				EDC1DB83277DF670005D1652 /* Frameworks */,
				EDC1DB84277DF670005D1652 /* Resources */,
			);
			buildRules = (
			);
			dependencies = (
			);
			name = SharedAppAuthStateWidgetExtension;
			packageProductDependencies = (
				EDC1DBBD277E075C005D1652 /* AppAuth */,
				EDC1DBBF277E075C005D1652 /* AppAuthCore */,
			);
			productName = SharedAppAuthStateWidgetExtension;
			productReference = EDC1DB86277DF670005D1652 /* SharedAppAuthStateWidgetExtension.appex */;
			productType = "com.apple.product-type.app-extension";
		};
/* End PBXNativeTarget section */

/* Begin PBXProject section */
		EDC1DB0B277DF3FA005D1652 /* Project object */ = {
			isa = PBXProject;
			attributes = {
				BuildIndependentTargetsInParallel = 1;
				LastSwiftUpdateCheck = 1320;
				LastUpgradeCheck = 1320;
				TargetAttributes = {
					ED890CC0277E3ABC001687DD = {
						CreatedOnToolsVersion = 13.2;
					};
					EDC1DB12277DF3FA005D1652 = {
						CreatedOnToolsVersion = 13.2;
					};
					EDC1DB51277DF60E005D1652 = {
						CreatedOnToolsVersion = 13.2;
					};
					EDC1DB85277DF670005D1652 = {
						CreatedOnToolsVersion = 13.2;
					};
				};
			};
			buildConfigurationList = EDC1DB0E277DF3FA005D1652 /* Build configuration list for PBXProject "SharedAppAuthState" */;
			compatibilityVersion = "Xcode 13.0";
			developmentRegion = en;
			hasScannedForEncodings = 0;
			knownRegions = (
				en,
				Base,
			);
			mainGroup = EDC1DB0A277DF3FA005D1652;
			packageReferences = (
				EDC1DB46277DF59C005D1652 /* XCRemoteSwiftPackageReference "TinyConstraints" */,
				EDC1DB49277DF5B9005D1652 /* XCRemoteSwiftPackageReference "AppAuth-iOS" */,
			);
			productRefGroup = EDC1DB14277DF3FA005D1652 /* Products */;
			projectDirPath = "";
			projectRoot = "";
			targets = (
				EDC1DB12277DF3FA005D1652 /* SharedAppAuthState */,
				EDC1DB51277DF60E005D1652 /* SharedAppAuthStateAppClip */,
				EDC1DB85277DF670005D1652 /* SharedAppAuthStateWidgetExtension */,
				ED890CC0277E3ABC001687DD /* SharedAppAuthStateSecondApp */,
			);
		};
/* End PBXProject section */

/* Begin PBXResourcesBuildPhase section */
		ED890CBF277E3ABC001687DD /* Resources */ = {
			isa = PBXResourcesBuildPhase;
			buildActionMask = 2147483647;
			files = (
				ED890CD0277E3ABD001687DD /* LaunchScreen.storyboard in Resources */,
				ED890CCD277E3ABD001687DD /* Assets.xcassets in Resources */,
			);
			runOnlyForDeploymentPostprocessing = 0;
		};
		EDC1DB11277DF3FA005D1652 /* Resources */ = {
			isa = PBXResourcesBuildPhase;
			buildActionMask = 2147483647;
			files = (
				EDC1DB23277DF3FC005D1652 /* LaunchScreen.storyboard in Resources */,
				EDC1DB20277DF3FC005D1652 /* Assets.xcassets in Resources */,
			);
			runOnlyForDeploymentPostprocessing = 0;
		};
		EDC1DB50277DF60E005D1652 /* Resources */ = {
			isa = PBXResourcesBuildPhase;
			buildActionMask = 2147483647;
			files = (
				EDC1DB5C277DF60F005D1652 /* Preview Assets.xcassets in Resources */,
				EDC1DB59277DF60F005D1652 /* Assets.xcassets in Resources */,
			);
			runOnlyForDeploymentPostprocessing = 0;
		};
		EDC1DB84277DF670005D1652 /* Resources */ = {
			isa = PBXResourcesBuildPhase;
			buildActionMask = 2147483647;
			files = (
				EDC1DB91277DF671005D1652 /* Assets.xcassets in Resources */,
			);
			runOnlyForDeploymentPostprocessing = 0;
		};
/* End PBXResourcesBuildPhase section */

/* Begin PBXSourcesBuildPhase section */
		ED890CBD277E3ABC001687DD /* Sources */ = {
			isa = PBXSourcesBuildPhase;
			buildActionMask = 2147483647;
			files = (
				ED890CFC277E3C07001687DD /* AuthTokenProvider.swift in Sources */,
				ED890CC8277E3ABC001687DD /* ViewController.swift in Sources */,
				ED890CFF277E3C07001687DD /* Auth0AuthService.swift in Sources */,
				ED890CC4277E3ABC001687DD /* AppDelegate.swift in Sources */,
				ED890CFE277E3C07001687DD /* AuthService.swift in Sources */,
				ED890CC6277E3ABC001687DD /* SceneDelegate.swift in Sources */,
				ED890CFD277E3C07001687DD /* AuthError.swift in Sources */,
				ED890D01277E3C07001687DD /* KeyChainAuthStateRepository.swift in Sources */,
				ED890D00277E3C07001687DD /* AuthStateRepository.swift in Sources */,
				ED890D02277E3C07001687DD /* SharedUserDefaultsAuthStateRepository.swift in Sources */,
			);
			runOnlyForDeploymentPostprocessing = 0;
		};
		EDC1DB0F277DF3FA005D1652 /* Sources */ = {
			isa = PBXSourcesBuildPhase;
			buildActionMask = 2147483647;
			files = (
				EDC1DB9E277DFE88005D1652 /* AuthTokenProvider.swift in Sources */,
				EDC1DB1B277DF3FA005D1652 /* ViewController.swift in Sources */,
				EDC1DBA7277DFEDF005D1652 /* Auth0AuthService.swift in Sources */,
				EDC1DB94277DF671005D1652 /* SharedAppAuthStateWidget.intentdefinition in Sources */,
				EDC1DBA3277DFECE005D1652 /* AuthService.swift in Sources */,
				EDC1DBB6277E01AF005D1652 /* AuthError.swift in Sources */,
				EDC1DB17277DF3FA005D1652 /* AppDelegate.swift in Sources */,
				EDC1DB19277DF3FA005D1652 /* SceneDelegate.swift in Sources */,
				EDC1DBB0277E0100005D1652 /* KeyChainAuthStateRepository.swift in Sources */,
				EDC1DBAC277E00DB005D1652 /* AuthStateRepository.swift in Sources */,
				EDC1DBB3277E0117005D1652 /* SharedUserDefaultsAuthStateRepository.swift in Sources */,
			);
			runOnlyForDeploymentPostprocessing = 0;
		};
		EDC1DB4E277DF60E005D1652 /* Sources */ = {
			isa = PBXSourcesBuildPhase;
			buildActionMask = 2147483647;
			files = (
				EDC1DBA8277DFEDF005D1652 /* Auth0AuthService.swift in Sources */,
				EDC1DBB4277E0117005D1652 /* SharedUserDefaultsAuthStateRepository.swift in Sources */,
				EDC1DB57277DF60E005D1652 /* ContentView.swift in Sources */,
				EDC1DB55277DF60E005D1652 /* SharedAppAuthStateAppClipApp.swift in Sources */,
				EDC1DB9F277DFE88005D1652 /* AuthTokenProvider.swift in Sources */,
				EDC1DBA4277DFECE005D1652 /* AuthService.swift in Sources */,
				EDC1DBB7277E01AF005D1652 /* AuthError.swift in Sources */,
				EDC1DBAD277E00DB005D1652 /* AuthStateRepository.swift in Sources */,
			);
			runOnlyForDeploymentPostprocessing = 0;
		};
		EDC1DB82277DF670005D1652 /* Sources */ = {
			isa = PBXSourcesBuildPhase;
			buildActionMask = 2147483647;
			files = (
				EDC1DB8E277DF670005D1652 /* SharedAppAuthStateWidget.swift in Sources */,
				EDC1DB93277DF671005D1652 /* SharedAppAuthStateWidget.intentdefinition in Sources */,
				EDC1DBA0277DFE88005D1652 /* AuthTokenProvider.swift in Sources */,
				EDC1DBB1277E0100005D1652 /* KeyChainAuthStateRepository.swift in Sources */,
				EDC1DBB8277E01AF005D1652 /* AuthError.swift in Sources */,
				EDC1DBAE277E00DB005D1652 /* AuthStateRepository.swift in Sources */,
				EDC1DBC3277E152B005D1652 /* WidgetAuthTokenProvider.swift in Sources */,
				ED0983BF277E4E2D00029852 /* SharedUserDefaultsAuthStateRepository.swift in Sources */,
			);
			runOnlyForDeploymentPostprocessing = 0;
		};
/* End PBXSourcesBuildPhase section */

/* Begin PBXTargetDependency section */
		EDC1DB76277DF610005D1652 /* PBXTargetDependency */ = {
			isa = PBXTargetDependency;
			target = EDC1DB51277DF60E005D1652 /* SharedAppAuthStateAppClip */;
			targetProxy = EDC1DB75277DF610005D1652 /* PBXContainerItemProxy */;
		};
		EDC1DB96277DF671005D1652 /* PBXTargetDependency */ = {
			isa = PBXTargetDependency;
			target = EDC1DB85277DF670005D1652 /* SharedAppAuthStateWidgetExtension */;
			targetProxy = EDC1DB95277DF671005D1652 /* PBXContainerItemProxy */;
		};
/* End PBXTargetDependency section */

/* Begin PBXVariantGroup section */
		ED890CCE277E3ABD001687DD /* LaunchScreen.storyboard */ = {
			isa = PBXVariantGroup;
			children = (
				ED890CCF277E3ABD001687DD /* Base */,
			);
			name = LaunchScreen.storyboard;
			sourceTree = "<group>";
		};
		EDC1DB21277DF3FC005D1652 /* LaunchScreen.storyboard */ = {
			isa = PBXVariantGroup;
			children = (
				EDC1DB22277DF3FC005D1652 /* Base */,
			);
			name = LaunchScreen.storyboard;
			sourceTree = "<group>";
		};
/* End PBXVariantGroup section */

/* Begin XCBuildConfiguration section */
		ED890CE9277E3ABD001687DD /* Debug */ = {
			isa = XCBuildConfiguration;
			buildSettings = {
				ASSETCATALOG_COMPILER_APPICON_NAME = AppIcon;
				ASSETCATALOG_COMPILER_GLOBAL_ACCENT_COLOR_NAME = AccentColor;
				CODE_SIGN_ENTITLEMENTS = SharedAppAuthStateSecondApp/SharedAppAuthStateSecondApp.entitlements;
				CODE_SIGN_STYLE = Automatic;
				CURRENT_PROJECT_VERSION = 1;
				DEVELOPMENT_TEAM = 55ATZ58U6M;
				GENERATE_INFOPLIST_FILE = YES;
				INFOPLIST_FILE = SharedAppAuthStateSecondApp/Info.plist;
				INFOPLIST_KEY_UIApplicationSupportsIndirectInputEvents = YES;
				INFOPLIST_KEY_UILaunchStoryboardName = LaunchScreen;
				INFOPLIST_KEY_UISupportedInterfaceOrientations_iPad = "UIInterfaceOrientationPortrait UIInterfaceOrientationPortraitUpsideDown UIInterfaceOrientationLandscapeLeft UIInterfaceOrientationLandscapeRight";
				INFOPLIST_KEY_UISupportedInterfaceOrientations_iPhone = "UIInterfaceOrientationPortrait UIInterfaceOrientationLandscapeLeft UIInterfaceOrientationLandscapeRight";
				IPHONEOS_DEPLOYMENT_TARGET = 14.7;
				LD_RUNPATH_SEARCH_PATHS = (
					"$(inherited)",
					"@executable_path/Frameworks",
				);
				MARKETING_VERSION = 1.0;
				PRODUCT_BUNDLE_IDENTIFIER = com.thomsmed.SharedAppAuthStateSecondApp;
				PRODUCT_NAME = "$(TARGET_NAME)";
				SWIFT_EMIT_LOC_STRINGS = YES;
				SWIFT_VERSION = 5.0;
				TARGETED_DEVICE_FAMILY = "1,2";
			};
			name = Debug;
		};
		ED890CEA277E3ABD001687DD /* Release */ = {
			isa = XCBuildConfiguration;
			buildSettings = {
				ASSETCATALOG_COMPILER_APPICON_NAME = AppIcon;
				ASSETCATALOG_COMPILER_GLOBAL_ACCENT_COLOR_NAME = AccentColor;
				CODE_SIGN_ENTITLEMENTS = SharedAppAuthStateSecondApp/SharedAppAuthStateSecondApp.entitlements;
				CODE_SIGN_STYLE = Automatic;
				CURRENT_PROJECT_VERSION = 1;
				DEVELOPMENT_TEAM = 55ATZ58U6M;
				GENERATE_INFOPLIST_FILE = YES;
				INFOPLIST_FILE = SharedAppAuthStateSecondApp/Info.plist;
				INFOPLIST_KEY_UIApplicationSupportsIndirectInputEvents = YES;
				INFOPLIST_KEY_UILaunchStoryboardName = LaunchScreen;
				INFOPLIST_KEY_UISupportedInterfaceOrientations_iPad = "UIInterfaceOrientationPortrait UIInterfaceOrientationPortraitUpsideDown UIInterfaceOrientationLandscapeLeft UIInterfaceOrientationLandscapeRight";
				INFOPLIST_KEY_UISupportedInterfaceOrientations_iPhone = "UIInterfaceOrientationPortrait UIInterfaceOrientationLandscapeLeft UIInterfaceOrientationLandscapeRight";
				IPHONEOS_DEPLOYMENT_TARGET = 14.7;
				LD_RUNPATH_SEARCH_PATHS = (
					"$(inherited)",
					"@executable_path/Frameworks",
				);
				MARKETING_VERSION = 1.0;
				PRODUCT_BUNDLE_IDENTIFIER = com.thomsmed.SharedAppAuthStateSecondApp;
				PRODUCT_NAME = "$(TARGET_NAME)";
				SWIFT_EMIT_LOC_STRINGS = YES;
				SWIFT_VERSION = 5.0;
				TARGETED_DEVICE_FAMILY = "1,2";
			};
			name = Release;
		};
		EDC1DB3B277DF3FC005D1652 /* Debug */ = {
			isa = XCBuildConfiguration;
			buildSettings = {
				ALWAYS_SEARCH_USER_PATHS = NO;
				CLANG_ANALYZER_NONNULL = YES;
				CLANG_ANALYZER_NUMBER_OBJECT_CONVERSION = YES_AGGRESSIVE;
				CLANG_CXX_LANGUAGE_STANDARD = "gnu++17";
				CLANG_CXX_LIBRARY = "libc++";
				CLANG_ENABLE_MODULES = YES;
				CLANG_ENABLE_OBJC_ARC = YES;
				CLANG_ENABLE_OBJC_WEAK = YES;
				CLANG_WARN_BLOCK_CAPTURE_AUTORELEASING = YES;
				CLANG_WARN_BOOL_CONVERSION = YES;
				CLANG_WARN_COMMA = YES;
				CLANG_WARN_CONSTANT_CONVERSION = YES;
				CLANG_WARN_DEPRECATED_OBJC_IMPLEMENTATIONS = YES;
				CLANG_WARN_DIRECT_OBJC_ISA_USAGE = YES_ERROR;
				CLANG_WARN_DOCUMENTATION_COMMENTS = YES;
				CLANG_WARN_EMPTY_BODY = YES;
				CLANG_WARN_ENUM_CONVERSION = YES;
				CLANG_WARN_INFINITE_RECURSION = YES;
				CLANG_WARN_INT_CONVERSION = YES;
				CLANG_WARN_NON_LITERAL_NULL_CONVERSION = YES;
				CLANG_WARN_OBJC_IMPLICIT_RETAIN_SELF = YES;
				CLANG_WARN_OBJC_LITERAL_CONVERSION = YES;
				CLANG_WARN_OBJC_ROOT_CLASS = YES_ERROR;
				CLANG_WARN_QUOTED_INCLUDE_IN_FRAMEWORK_HEADER = YES;
				CLANG_WARN_RANGE_LOOP_ANALYSIS = YES;
				CLANG_WARN_STRICT_PROTOTYPES = YES;
				CLANG_WARN_SUSPICIOUS_MOVE = YES;
				CLANG_WARN_UNGUARDED_AVAILABILITY = YES_AGGRESSIVE;
				CLANG_WARN_UNREACHABLE_CODE = YES;
				CLANG_WARN__DUPLICATE_METHOD_MATCH = YES;
				COPY_PHASE_STRIP = NO;
				DEBUG_INFORMATION_FORMAT = dwarf;
				ENABLE_STRICT_OBJC_MSGSEND = YES;
				ENABLE_TESTABILITY = YES;
				GCC_C_LANGUAGE_STANDARD = gnu11;
				GCC_DYNAMIC_NO_PIC = NO;
				GCC_NO_COMMON_BLOCKS = YES;
				GCC_OPTIMIZATION_LEVEL = 0;
				GCC_PREPROCESSOR_DEFINITIONS = (
					"DEBUG=1",
					"$(inherited)",
				);
				GCC_WARN_64_TO_32_BIT_CONVERSION = YES;
				GCC_WARN_ABOUT_RETURN_TYPE = YES_ERROR;
				GCC_WARN_UNDECLARED_SELECTOR = YES;
				GCC_WARN_UNINITIALIZED_AUTOS = YES_AGGRESSIVE;
				GCC_WARN_UNUSED_FUNCTION = YES;
				GCC_WARN_UNUSED_VARIABLE = YES;
				IPHONEOS_DEPLOYMENT_TARGET = 14.7;
				MTL_ENABLE_DEBUG_INFO = INCLUDE_SOURCE;
				MTL_FAST_MATH = YES;
				ONLY_ACTIVE_ARCH = YES;
				SDKROOT = iphoneos;
				SWIFT_ACTIVE_COMPILATION_CONDITIONS = DEBUG;
				SWIFT_OPTIMIZATION_LEVEL = "-Onone";
			};
			name = Debug;
		};
		EDC1DB3C277DF3FC005D1652 /* Release */ = {
			isa = XCBuildConfiguration;
			buildSettings = {
				ALWAYS_SEARCH_USER_PATHS = NO;
				CLANG_ANALYZER_NONNULL = YES;
				CLANG_ANALYZER_NUMBER_OBJECT_CONVERSION = YES_AGGRESSIVE;
				CLANG_CXX_LANGUAGE_STANDARD = "gnu++17";
				CLANG_CXX_LIBRARY = "libc++";
				CLANG_ENABLE_MODULES = YES;
				CLANG_ENABLE_OBJC_ARC = YES;
				CLANG_ENABLE_OBJC_WEAK = YES;
				CLANG_WARN_BLOCK_CAPTURE_AUTORELEASING = YES;
				CLANG_WARN_BOOL_CONVERSION = YES;
				CLANG_WARN_COMMA = YES;
				CLANG_WARN_CONSTANT_CONVERSION = YES;
				CLANG_WARN_DEPRECATED_OBJC_IMPLEMENTATIONS = YES;
				CLANG_WARN_DIRECT_OBJC_ISA_USAGE = YES_ERROR;
				CLANG_WARN_DOCUMENTATION_COMMENTS = YES;
				CLANG_WARN_EMPTY_BODY = YES;
				CLANG_WARN_ENUM_CONVERSION = YES;
				CLANG_WARN_INFINITE_RECURSION = YES;
				CLANG_WARN_INT_CONVERSION = YES;
				CLANG_WARN_NON_LITERAL_NULL_CONVERSION = YES;
				CLANG_WARN_OBJC_IMPLICIT_RETAIN_SELF = YES;
				CLANG_WARN_OBJC_LITERAL_CONVERSION = YES;
				CLANG_WARN_OBJC_ROOT_CLASS = YES_ERROR;
				CLANG_WARN_QUOTED_INCLUDE_IN_FRAMEWORK_HEADER = YES;
				CLANG_WARN_RANGE_LOOP_ANALYSIS = YES;
				CLANG_WARN_STRICT_PROTOTYPES = YES;
				CLANG_WARN_SUSPICIOUS_MOVE = YES;
				CLANG_WARN_UNGUARDED_AVAILABILITY = YES_AGGRESSIVE;
				CLANG_WARN_UNREACHABLE_CODE = YES;
				CLANG_WARN__DUPLICATE_METHOD_MATCH = YES;
				COPY_PHASE_STRIP = NO;
				DEBUG_INFORMATION_FORMAT = "dwarf-with-dsym";
				ENABLE_NS_ASSERTIONS = NO;
				ENABLE_STRICT_OBJC_MSGSEND = YES;
				GCC_C_LANGUAGE_STANDARD = gnu11;
				GCC_NO_COMMON_BLOCKS = YES;
				GCC_WARN_64_TO_32_BIT_CONVERSION = YES;
				GCC_WARN_ABOUT_RETURN_TYPE = YES_ERROR;
				GCC_WARN_UNDECLARED_SELECTOR = YES;
				GCC_WARN_UNINITIALIZED_AUTOS = YES_AGGRESSIVE;
				GCC_WARN_UNUSED_FUNCTION = YES;
				GCC_WARN_UNUSED_VARIABLE = YES;
				IPHONEOS_DEPLOYMENT_TARGET = 14.7;
				MTL_ENABLE_DEBUG_INFO = NO;
				MTL_FAST_MATH = YES;
				SDKROOT = iphoneos;
				SWIFT_COMPILATION_MODE = wholemodule;
				SWIFT_OPTIMIZATION_LEVEL = "-O";
				VALIDATE_PRODUCT = YES;
			};
			name = Release;
		};
		EDC1DB3E277DF3FC005D1652 /* Debug */ = {
			isa = XCBuildConfiguration;
			buildSettings = {
				ALWAYS_EMBED_SWIFT_STANDARD_LIBRARIES = YES;
				ASSETCATALOG_COMPILER_APPICON_NAME = AppIcon;
				ASSETCATALOG_COMPILER_GLOBAL_ACCENT_COLOR_NAME = AccentColor;
				CODE_SIGN_ENTITLEMENTS = SharedAppAuthState/SharedAppAuthState.entitlements;
				CODE_SIGN_STYLE = Automatic;
				CURRENT_PROJECT_VERSION = 1;
				DEVELOPMENT_TEAM = 55ATZ58U6M;
				GENERATE_INFOPLIST_FILE = YES;
				INFOPLIST_FILE = SharedAppAuthState/Info.plist;
				INFOPLIST_KEY_UIApplicationSupportsIndirectInputEvents = YES;
				INFOPLIST_KEY_UILaunchStoryboardName = LaunchScreen;
				INFOPLIST_KEY_UISupportedInterfaceOrientations_iPad = "UIInterfaceOrientationPortrait UIInterfaceOrientationPortraitUpsideDown UIInterfaceOrientationLandscapeLeft UIInterfaceOrientationLandscapeRight";
				INFOPLIST_KEY_UISupportedInterfaceOrientations_iPhone = "UIInterfaceOrientationPortrait UIInterfaceOrientationLandscapeLeft UIInterfaceOrientationLandscapeRight";
				LD_RUNPATH_SEARCH_PATHS = (
					"$(inherited)",
					"@executable_path/Frameworks",
				);
				MARKETING_VERSION = 1.0;
				PRODUCT_BUNDLE_IDENTIFIER = com.thomsmed.SharedAppAuthState;
				PRODUCT_NAME = "$(TARGET_NAME)";
				SWIFT_EMIT_LOC_STRINGS = YES;
				SWIFT_VERSION = 5.0;
				TARGETED_DEVICE_FAMILY = "1,2";
			};
			name = Debug;
		};
		EDC1DB3F277DF3FC005D1652 /* Release */ = {
			isa = XCBuildConfiguration;
			buildSettings = {
				ALWAYS_EMBED_SWIFT_STANDARD_LIBRARIES = YES;
				ASSETCATALOG_COMPILER_APPICON_NAME = AppIcon;
				ASSETCATALOG_COMPILER_GLOBAL_ACCENT_COLOR_NAME = AccentColor;
				CODE_SIGN_ENTITLEMENTS = SharedAppAuthState/SharedAppAuthState.entitlements;
				CODE_SIGN_STYLE = Automatic;
				CURRENT_PROJECT_VERSION = 1;
				DEVELOPMENT_TEAM = 55ATZ58U6M;
				GENERATE_INFOPLIST_FILE = YES;
				INFOPLIST_FILE = SharedAppAuthState/Info.plist;
				INFOPLIST_KEY_UIApplicationSupportsIndirectInputEvents = YES;
				INFOPLIST_KEY_UILaunchStoryboardName = LaunchScreen;
				INFOPLIST_KEY_UISupportedInterfaceOrientations_iPad = "UIInterfaceOrientationPortrait UIInterfaceOrientationPortraitUpsideDown UIInterfaceOrientationLandscapeLeft UIInterfaceOrientationLandscapeRight";
				INFOPLIST_KEY_UISupportedInterfaceOrientations_iPhone = "UIInterfaceOrientationPortrait UIInterfaceOrientationLandscapeLeft UIInterfaceOrientationLandscapeRight";
				LD_RUNPATH_SEARCH_PATHS = (
					"$(inherited)",
					"@executable_path/Frameworks",
				);
				MARKETING_VERSION = 1.0;
				PRODUCT_BUNDLE_IDENTIFIER = com.thomsmed.SharedAppAuthState;
				PRODUCT_NAME = "$(TARGET_NAME)";
				SWIFT_EMIT_LOC_STRINGS = YES;
				SWIFT_VERSION = 5.0;
				TARGETED_DEVICE_FAMILY = "1,2";
			};
			name = Release;
		};
		EDC1DB79277DF610005D1652 /* Debug */ = {
			isa = XCBuildConfiguration;
			buildSettings = {
				ASSETCATALOG_COMPILER_APPICON_NAME = AppIcon;
				ASSETCATALOG_COMPILER_GLOBAL_ACCENT_COLOR_NAME = AccentColor;
				CODE_SIGN_ENTITLEMENTS = SharedAppAuthStateAppClip/SharedAppAuthStateAppClip.entitlements;
				CODE_SIGN_STYLE = Automatic;
				CURRENT_PROJECT_VERSION = 1;
				DEVELOPMENT_ASSET_PATHS = "\"SharedAppAuthStateAppClip/Preview Content\"";
				DEVELOPMENT_TEAM = 55ATZ58U6M;
				ENABLE_PREVIEWS = YES;
				GENERATE_INFOPLIST_FILE = YES;
				INFOPLIST_FILE = SharedAppAuthStateAppClip/Info.plist;
				INFOPLIST_KEY_CFBundleDisplayName = SharedAppAuthState;
				INFOPLIST_KEY_UIApplicationSceneManifest_Generation = YES;
				INFOPLIST_KEY_UIApplicationSupportsIndirectInputEvents = YES;
				INFOPLIST_KEY_UILaunchScreen_Generation = YES;
				INFOPLIST_KEY_UISupportedInterfaceOrientations_iPad = "UIInterfaceOrientationPortrait UIInterfaceOrientationPortraitUpsideDown UIInterfaceOrientationLandscapeLeft UIInterfaceOrientationLandscapeRight";
				INFOPLIST_KEY_UISupportedInterfaceOrientations_iPhone = "UIInterfaceOrientationPortrait UIInterfaceOrientationLandscapeLeft UIInterfaceOrientationLandscapeRight";
				LD_RUNPATH_SEARCH_PATHS = (
					"$(inherited)",
					"@executable_path/Frameworks",
				);
				MARKETING_VERSION = 1.0;
				PRODUCT_BUNDLE_IDENTIFIER = com.thomsmed.SharedAppAuthState.Clip;
				PRODUCT_NAME = "$(TARGET_NAME)";
				SWIFT_EMIT_LOC_STRINGS = YES;
				SWIFT_VERSION = 5.0;
				TARGETED_DEVICE_FAMILY = "1,2";
			};
			name = Debug;
		};
		EDC1DB7A277DF610005D1652 /* Release */ = {
			isa = XCBuildConfiguration;
			buildSettings = {
				ASSETCATALOG_COMPILER_APPICON_NAME = AppIcon;
				ASSETCATALOG_COMPILER_GLOBAL_ACCENT_COLOR_NAME = AccentColor;
				CODE_SIGN_ENTITLEMENTS = SharedAppAuthStateAppClip/SharedAppAuthStateAppClip.entitlements;
				CODE_SIGN_STYLE = Automatic;
				CURRENT_PROJECT_VERSION = 1;
				DEVELOPMENT_ASSET_PATHS = "\"SharedAppAuthStateAppClip/Preview Content\"";
				DEVELOPMENT_TEAM = 55ATZ58U6M;
				ENABLE_PREVIEWS = YES;
				GENERATE_INFOPLIST_FILE = YES;
				INFOPLIST_FILE = SharedAppAuthStateAppClip/Info.plist;
				INFOPLIST_KEY_CFBundleDisplayName = SharedAppAuthState;
				INFOPLIST_KEY_UIApplicationSceneManifest_Generation = YES;
				INFOPLIST_KEY_UIApplicationSupportsIndirectInputEvents = YES;
				INFOPLIST_KEY_UILaunchScreen_Generation = YES;
				INFOPLIST_KEY_UISupportedInterfaceOrientations_iPad = "UIInterfaceOrientationPortrait UIInterfaceOrientationPortraitUpsideDown UIInterfaceOrientationLandscapeLeft UIInterfaceOrientationLandscapeRight";
				INFOPLIST_KEY_UISupportedInterfaceOrientations_iPhone = "UIInterfaceOrientationPortrait UIInterfaceOrientationLandscapeLeft UIInterfaceOrientationLandscapeRight";
				LD_RUNPATH_SEARCH_PATHS = (
					"$(inherited)",
					"@executable_path/Frameworks",
				);
				MARKETING_VERSION = 1.0;
				PRODUCT_BUNDLE_IDENTIFIER = com.thomsmed.SharedAppAuthState.Clip;
				PRODUCT_NAME = "$(TARGET_NAME)";
				SWIFT_EMIT_LOC_STRINGS = YES;
				SWIFT_VERSION = 5.0;
				TARGETED_DEVICE_FAMILY = "1,2";
			};
			name = Release;
		};
		EDC1DB99277DF671005D1652 /* Debug */ = {
			isa = XCBuildConfiguration;
			buildSettings = {
				ASSETCATALOG_COMPILER_GLOBAL_ACCENT_COLOR_NAME = AccentColor;
				ASSETCATALOG_COMPILER_WIDGET_BACKGROUND_COLOR_NAME = WidgetBackground;
				CODE_SIGN_ENTITLEMENTS = SharedAppAuthStateWidgetExtension.entitlements;
				CODE_SIGN_STYLE = Automatic;
				CURRENT_PROJECT_VERSION = 1;
				DEVELOPMENT_TEAM = 55ATZ58U6M;
				GENERATE_INFOPLIST_FILE = YES;
				INFOPLIST_FILE = SharedAppAuthStateWidget/Info.plist;
				INFOPLIST_KEY_CFBundleDisplayName = SharedAppAuthStateWidget;
				INFOPLIST_KEY_NSHumanReadableCopyright = "";
				LD_RUNPATH_SEARCH_PATHS = (
					"$(inherited)",
					"@executable_path/Frameworks",
					"@executable_path/../../Frameworks",
				);
				MARKETING_VERSION = 1.0;
				PRODUCT_BUNDLE_IDENTIFIER = com.thomsmed.SharedAppAuthState.Widget;
				PRODUCT_NAME = "$(TARGET_NAME)";
				SKIP_INSTALL = YES;
				SWIFT_EMIT_LOC_STRINGS = YES;
				SWIFT_VERSION = 5.0;
				TARGETED_DEVICE_FAMILY = "1,2";
			};
			name = Debug;
		};
		EDC1DB9A277DF671005D1652 /* Release */ = {
			isa = XCBuildConfiguration;
			buildSettings = {
				ASSETCATALOG_COMPILER_GLOBAL_ACCENT_COLOR_NAME = AccentColor;
				ASSETCATALOG_COMPILER_WIDGET_BACKGROUND_COLOR_NAME = WidgetBackground;
				CODE_SIGN_ENTITLEMENTS = SharedAppAuthStateWidgetExtension.entitlements;
				CODE_SIGN_STYLE = Automatic;
				CURRENT_PROJECT_VERSION = 1;
				DEVELOPMENT_TEAM = 55ATZ58U6M;
				GENERATE_INFOPLIST_FILE = YES;
				INFOPLIST_FILE = SharedAppAuthStateWidget/Info.plist;
				INFOPLIST_KEY_CFBundleDisplayName = SharedAppAuthStateWidget;
				INFOPLIST_KEY_NSHumanReadableCopyright = "";
				LD_RUNPATH_SEARCH_PATHS = (
					"$(inherited)",
					"@executable_path/Frameworks",
					"@executable_path/../../Frameworks",
				);
				MARKETING_VERSION = 1.0;
				PRODUCT_BUNDLE_IDENTIFIER = com.thomsmed.SharedAppAuthState.Widget;
				PRODUCT_NAME = "$(TARGET_NAME)";
				SKIP_INSTALL = YES;
				SWIFT_EMIT_LOC_STRINGS = YES;
				SWIFT_VERSION = 5.0;
				TARGETED_DEVICE_FAMILY = "1,2";
			};
			name = Release;
		};
/* End XCBuildConfiguration section */

/* Begin XCConfigurationList section */
		ED890CE8277E3ABD001687DD /* Build configuration list for PBXNativeTarget "SharedAppAuthStateSecondApp" */ = {
			isa = XCConfigurationList;
			buildConfigurations = (
				ED890CE9277E3ABD001687DD /* Debug */,
				ED890CEA277E3ABD001687DD /* Release */,
			);
			defaultConfigurationIsVisible = 0;
			defaultConfigurationName = Release;
		};
		EDC1DB0E277DF3FA005D1652 /* Build configuration list for PBXProject "SharedAppAuthState" */ = {
			isa = XCConfigurationList;
			buildConfigurations = (
				EDC1DB3B277DF3FC005D1652 /* Debug */,
				EDC1DB3C277DF3FC005D1652 /* Release */,
			);
			defaultConfigurationIsVisible = 0;
			defaultConfigurationName = Release;
		};
		EDC1DB3D277DF3FC005D1652 /* Build configuration list for PBXNativeTarget "SharedAppAuthState" */ = {
			isa = XCConfigurationList;
			buildConfigurations = (
				EDC1DB3E277DF3FC005D1652 /* Debug */,
				EDC1DB3F277DF3FC005D1652 /* Release */,
			);
			defaultConfigurationIsVisible = 0;
			defaultConfigurationName = Release;
		};
		EDC1DB78277DF610005D1652 /* Build configuration list for PBXNativeTarget "SharedAppAuthStateAppClip" */ = {
			isa = XCConfigurationList;
			buildConfigurations = (
				EDC1DB79277DF610005D1652 /* Debug */,
				EDC1DB7A277DF610005D1652 /* Release */,
			);
			defaultConfigurationIsVisible = 0;
			defaultConfigurationName = Release;
		};
		EDC1DB98277DF671005D1652 /* Build configuration list for PBXNativeTarget "SharedAppAuthStateWidgetExtension" */ = {
			isa = XCConfigurationList;
			buildConfigurations = (
				EDC1DB99277DF671005D1652 /* Debug */,
				EDC1DB9A277DF671005D1652 /* Release */,
			);
			defaultConfigurationIsVisible = 0;
			defaultConfigurationName = Release;
		};
/* End XCConfigurationList section */

/* Begin XCRemoteSwiftPackageReference section */
		EDC1DB46277DF59C005D1652 /* XCRemoteSwiftPackageReference "TinyConstraints" */ = {
			isa = XCRemoteSwiftPackageReference;
			repositoryURL = "git@github.com:roberthein/TinyConstraints.git";
			requirement = {
				kind = upToNextMajorVersion;
				minimumVersion = 4.0.0;
			};
		};
		EDC1DB49277DF5B9005D1652 /* XCRemoteSwiftPackageReference "AppAuth-iOS" */ = {
			isa = XCRemoteSwiftPackageReference;
			repositoryURL = "git@github.com:openid/AppAuth-iOS.git";
			requirement = {
				kind = upToNextMajorVersion;
				minimumVersion = 1.0.0;
			};
		};
/* End XCRemoteSwiftPackageReference section */

/* Begin XCSwiftPackageProductDependency section */
		ED890D03277E3C27001687DD /* TinyConstraints */ = {
			isa = XCSwiftPackageProductDependency;
			package = EDC1DB46277DF59C005D1652 /* XCRemoteSwiftPackageReference "TinyConstraints" */;
			productName = TinyConstraints;
		};
		ED890D05277E3C28001687DD /* AppAuth */ = {
			isa = XCSwiftPackageProductDependency;
			package = EDC1DB49277DF5B9005D1652 /* XCRemoteSwiftPackageReference "AppAuth-iOS" */;
			productName = AppAuth;
		};
		ED890D07277E3C28001687DD /* AppAuthCore */ = {
			isa = XCSwiftPackageProductDependency;
			package = EDC1DB49277DF5B9005D1652 /* XCRemoteSwiftPackageReference "AppAuth-iOS" */;
			productName = AppAuthCore;
		};
		EDC1DB47277DF59C005D1652 /* TinyConstraints */ = {
			isa = XCSwiftPackageProductDependency;
			package = EDC1DB46277DF59C005D1652 /* XCRemoteSwiftPackageReference "TinyConstraints" */;
			productName = TinyConstraints;
		};
		EDC1DB4A277DF5B9005D1652 /* AppAuth */ = {
			isa = XCSwiftPackageProductDependency;
			package = EDC1DB49277DF5B9005D1652 /* XCRemoteSwiftPackageReference "AppAuth-iOS" */;
			productName = AppAuth;
		};
		EDC1DB4C277DF5B9005D1652 /* AppAuthCore */ = {
			isa = XCSwiftPackageProductDependency;
			package = EDC1DB49277DF5B9005D1652 /* XCRemoteSwiftPackageReference "AppAuth-iOS" */;
			productName = AppAuthCore;
		};
		EDC1DBB9277E0753005D1652 /* AppAuth */ = {
			isa = XCSwiftPackageProductDependency;
			package = EDC1DB49277DF5B9005D1652 /* XCRemoteSwiftPackageReference "AppAuth-iOS" */;
			productName = AppAuth;
		};
		EDC1DBBB277E0753005D1652 /* AppAuthCore */ = {
			isa = XCSwiftPackageProductDependency;
			package = EDC1DB49277DF5B9005D1652 /* XCRemoteSwiftPackageReference "AppAuth-iOS" */;
			productName = AppAuthCore;
		};
		EDC1DBBD277E075C005D1652 /* AppAuth */ = {
			isa = XCSwiftPackageProductDependency;
			package = EDC1DB49277DF5B9005D1652 /* XCRemoteSwiftPackageReference "AppAuth-iOS" */;
			productName = AppAuth;
		};
		EDC1DBBF277E075C005D1652 /* AppAuthCore */ = {
			isa = XCSwiftPackageProductDependency;
			package = EDC1DB49277DF5B9005D1652 /* XCRemoteSwiftPackageReference "AppAuth-iOS" */;
			productName = AppAuthCore;
		};
/* End XCSwiftPackageProductDependency section */
	};
	rootObject = EDC1DB0B277DF3FA005D1652 /* Project object */;
}
